# THIS IS AN AUTOGENERATED FILE. DO NOT EDIT THIS FILE DIRECTLY.
# yarn lockfile v1


theme-amalgamate@^1.0.0:
  version "1.0.0"
  resolved "https://registry.yarnpkg.com/theme-amalgamate/-/theme-amalgamate-1.0.0.tgz#b79adf449125761268fc6d2f210d8a36357193d1"
  integrity sha512-uj58RSJ//+xraiGBgt8euly650/AODAxbiBtnsAjvuGDa0RARGxFMYm6pMon/T6uQ3MXXig6iKGV2ACGMuYNDA==
