# THIS IS AN AUTOGENERATED FILE. DO NOT EDIT THIS FILE DIRECTLY.
# yarn lockfile v1


theme-amalgamate@^0.1.0:
  version "0.1.0"
  resolved "https://registry.yarnpkg.com/theme-amalgamate/-/theme-amalgamate-0.1.0.tgz#b64a2059946e0fb036190097fb6bff67b60b7673"
  integrity sha512-QCYCYpjdVxEOVpMUoSf024WsgiSCiSaDCCf9BKZvIp7JifzGJsPepI2opLvcsu4+6gFUkyt6U4OJEWmBOG2uEA==
